
Microsoft Visual Studio Solution File, Format Version 12.00
Project("{FAE04EC0-301F-11D3-BF4B-00C04F79EFBC}") = "BenchmarkPlotter", "BenchmarkPlotter\BenchmarkPlotter.csproj", "{BCBBFFB3-36F8-4619-AC10-703B4A8E85AA}"
EndProject
Project("{2150E333-8FDC-42A3-9474-1A3956D46DE8}") = "benchmark_results", "benchmark_results", "{23253038-C8CD-48E9-9E0D-F1412B359A21}"
	ProjectSection(SolutionItems) = preProject
		benchmark_results\memory_results_combined.txt = benchmark_results\memory_results_combined.txt
	EndProjectSection
EndProject
Project("{FAE04EC0-301F-11D3-BF4B-00C04F79EFBC}") = "BenchmarkPlotter.UnitTests", "tests\BenchmarkPlotter.UnitTests\BenchmarkPlotter.UnitTests.csproj", "{B87DD555-EDCE-422F-B4C9-42F08CF26AF4}"
EndProject
Project("{2150E333-8FDC-42A3-9474-1A3956D46DE8}") = "charts", "charts", "{98D12C74-6D73-4C91-810B-C3AEE0B881A2}"
	ProjectSection(SolutionItems) = preProject
		charts\max_memory_usage_all_chart.png = charts\max_memory_usage_all_chart.png
		charts\instructions_to_max_memory_usage_all_chart.png = charts\instructions_to_max_memory_usage_all_chart.png
		charts\instructions_to_max_memory_usage_release_chart.png = charts\instructions_to_max_memory_usage_release_chart.png
	EndProjectSection
EndProject
Global
	GlobalSection(SolutionConfigurationPlatforms) = preSolution
		Debug|Any CPU = Debug|Any CPU
		Release|Any CPU = Release|Any CPU
	EndGlobalSection
	GlobalSection(ProjectConfigurationPlatforms) = postSolution
		{BCBBFFB3-36F8-4619-AC10-703B4A8E85AA}.Debug|Any CPU.ActiveCfg = Debug|Any CPU
		{BCBBFFB3-36F8-4619-AC10-703B4A8E85AA}.Debug|Any CPU.Build.0 = Debug|Any CPU
		{BCBBFFB3-36F8-4619-AC10-703B4A8E85AA}.Release|Any CPU.ActiveCfg = Release|Any CPU
		{BCBBFFB3-36F8-4619-AC10-703B4A8E85AA}.Release|Any CPU.Build.0 = Release|Any CPU
		{B87DD555-EDCE-422F-B4C9-42F08CF26AF4}.Debug|Any CPU.ActiveCfg = Debug|Any CPU
		{B87DD555-EDCE-422F-B4C9-42F08CF26AF4}.Debug|Any CPU.Build.0 = Debug|Any CPU
		{B87DD555-EDCE-422F-B4C9-42F08CF26AF4}.Release|Any CPU.ActiveCfg = Release|Any CPU
		{B87DD555-EDCE-422F-B4C9-42F08CF26AF4}.Release|Any CPU.Build.0 = Release|Any CPU
	EndGlobalSection
EndGlobal
